Microsoft Visual Studio Solution File, Format Version 12.00
# Visual Studio Version 17
VisualStudioVersion = 17.5.2.0
MinimumVisualStudioVersion = 10.0.40219.1
Project("{2150E333-8FDC-42A3-9474-1A3956D46DE8}") = "backend", "backend", "{1AE8ACA6-933B-BF2A-3671-3E2EAC007D16}"
EndProject
Project("{2150E333-8FDC-42A3-9474-1A3956D46DE8}") = "auth-service", "auth-service", "{0541BE82-B74D-F3FC-5D49-CDC838BFB160}"
EndProject
Project("{FAE04EC0-301F-11D3-BF4B-00C04F79EFBC}") = "PetCare.Auth", "backend\auth-service\PetCare.Auth\PetCare.Auth.csproj", "{6589BF77-4BC0-600D-BA7D-D9C6606D5F48}"
EndProject
Project("{2150E333-8FDC-42A3-9474-1A3956D46DE8}") = "calificar-servicie", "calificar-servicie", "{08186E26-FEE4-2735-6FD7-A659AF59065C}"
EndProject
Project("{FAE04EC0-301F-11D3-BF4B-00C04F79EFBC}") = "PetCare.Calificar", "backend\calificar-servicie\PetCare.Calificar\PetCare.Calificar.csproj", "{9F113D08-3AF7-87F3-1554-DC39375AD0EE}"
EndProject
Project("{2150E333-8FDC-42A3-9474-1A3956D46DE8}") = "cliente-service", "cliente-service", "{50DE71FC-9805-F0B7-A2CE-E6A8F94672E7}"
EndProject
Project("{FAE04EC0-301F-11D3-BF4B-00C04F79EFBC}") = "PetCare.Cliente", "backend\cliente-service\PetCare.Cliente\PetCare.Cliente.csproj", "{C85E14B4-C585-D720-3236-422E290D7B4D}"
EndProject
Project("{2150E333-8FDC-42A3-9474-1A3956D46DE8}") = "cuidador-service", "cuidador-service", "{0271A0F5-7737-DD4C-E063-B63FCC678237}"
EndProject
Project("{FAE04EC0-301F-11D3-BF4B-00C04F79EFBC}") = "PetCare.Cuidador", "backend\cuidador-service\PetCare.Cuidador\PetCare.Cuidador.csproj", "{920FC533-D2AB-09B5-0E96-E6551749ECF1}"
EndProject
Project("{2150E333-8FDC-42A3-9474-1A3956D46DE8}") = "payment-service", "payment-service", "{974750DD-B36E-F12D-89FD-8E1E262A2B75}"
EndProject
Project("{FAE04EC0-301F-11D3-BF4B-00C04F79EFBC}") = "PetCare.Payment", "backend\payment-service\PetCare.Payment\PetCare.Payment.csproj", "{D320C4D0-F65F-DE90-D4D1-36DF89B5161A}"
EndProject
Project("{2150E333-8FDC-42A3-9474-1A3956D46DE8}") = "request-service", "request-service", "{A5966375-CC56-8B3D-13F1-5643F1CCC045}"
EndProject
Project("{FAE04EC0-301F-11D3-BF4B-00C04F79EFBC}") = "PetCare.Request", "backend\request-service\PetCare.Request\PetCare.Request.csproj", "{69A0E14A-57E0-D362-5EA7-786B8B14CBF8}"
EndProject
Project("{2150E333-8FDC-42A3-9474-1A3956D46DE8}") = "shared-kernel", "shared-kernel", "{E8076132-D174-7AA4-193F-24A743984C28}"
EndProject
Project("{FAE04EC0-301F-11D3-BF4B-00C04F79EFBC}") = "PetCare.Shared", "backend\shared-kernel\PetCare.Shared\PetCare.Shared.csproj", "{F03AFAC1-9EAF-DB17-F8D3-A6BF145C6072}"
EndProject
Global
	GlobalSection(SolutionConfigurationPlatforms) = preSolution
		Debug|Any CPU = Debug|Any CPU
		Release|Any CPU = Release|Any CPU
	EndGlobalSection
	GlobalSection(ProjectConfigurationPlatforms) = postSolution
		{6589BF77-4BC0-600D-BA7D-D9C6606D5F48}.Debug|Any CPU.ActiveCfg = Debug|Any CPU
		{6589BF77-4BC0-600D-BA7D-D9C6606D5F48}.Debug|Any CPU.Build.0 = Debug|Any CPU
		{6589BF77-4BC0-600D-BA7D-D9C6606D5F48}.Release|Any CPU.ActiveCfg = Release|Any CPU
		{6589BF77-4BC0-600D-BA7D-D9C6606D5F48}.Release|Any CPU.Build.0 = Release|Any CPU
		{9F113D08-3AF7-87F3-1554-DC39375AD0EE}.Debug|Any CPU.ActiveCfg = Debug|Any CPU
		{9F113D08-3AF7-87F3-1554-DC39375AD0EE}.Debug|Any CPU.Build.0 = Debug|Any CPU
		{9F113D08-3AF7-87F3-1554-DC39375AD0EE}.Release|Any CPU.ActiveCfg = Release|Any CPU
		{9F113D08-3AF7-87F3-1554-DC39375AD0EE}.Release|Any CPU.Build.0 = Release|Any CPU
		{C85E14B4-C585-D720-3236-422E290D7B4D}.Debug|Any CPU.ActiveCfg = Debug|Any CPU
		{C85E14B4-C585-D720-3236-422E290D7B4D}.Debug|Any CPU.Build.0 = Debug|Any CPU
		{C85E14B4-C585-D720-3236-422E290D7B4D}.Release|Any CPU.ActiveCfg = Release|Any CPU
		{C85E14B4-C585-D720-3236-422E290D7B4D}.Release|Any CPU.Build.0 = Release|Any CPU
		{920FC533-D2AB-09B5-0E96-E6551749ECF1}.Debug|Any CPU.ActiveCfg = Debug|Any CPU
		{920FC533-D2AB-09B5-0E96-E6551749ECF1}.Debug|Any CPU.Build.0 = Debug|Any CPU
		{920FC533-D2AB-09B5-0E96-E6551749ECF1}.Release|Any CPU.ActiveCfg = Release|Any CPU
		{920FC533-D2AB-09B5-0E96-E6551749ECF1}.Release|Any CPU.Build.0 = Release|Any CPU
		{D320C4D0-F65F-DE90-D4D1-36DF89B5161A}.Debug|Any CPU.ActiveCfg = Debug|Any CPU
		{D320C4D0-F65F-DE90-D4D1-36DF89B5161A}.Debug|Any CPU.Build.0 = Debug|Any CPU
		{D320C4D0-F65F-DE90-D4D1-36DF89B5161A}.Release|Any CPU.ActiveCfg = Release|Any CPU
		{D320C4D0-F65F-DE90-D4D1-36DF89B5161A}.Release|Any CPU.Build.0 = Release|Any CPU
		{69A0E14A-57E0-D362-5EA7-786B8B14CBF8}.Debug|Any CPU.ActiveCfg = Debug|Any CPU
		{69A0E14A-57E0-D362-5EA7-786B8B14CBF8}.Debug|Any CPU.Build.0 = Debug|Any CPU
		{69A0E14A-57E0-D362-5EA7-786B8B14CBF8}.Release|Any CPU.ActiveCfg = Release|Any CPU
		{69A0E14A-57E0-D362-5EA7-786B8B14CBF8}.Release|Any CPU.Build.0 = Release|Any CPU
		{F03AFAC1-9EAF-DB17-F8D3-A6BF145C6072}.Debug|Any CPU.ActiveCfg = Debug|Any CPU
		{F03AFAC1-9EAF-DB17-F8D3-A6BF145C6072}.Debug|Any CPU.Build.0 = Debug|Any CPU
		{F03AFAC1-9EAF-DB17-F8D3-A6BF145C6072}.Release|Any CPU.ActiveCfg = Release|Any CPU
		{F03AFAC1-9EAF-DB17-F8D3-A6BF145C6072}.Release|Any CPU.Build.0 = Release|Any CPU
	EndGlobalSection
	GlobalSection(SolutionProperties) = preSolution
		HideSolutionNode = FALSE
	EndGlobalSection
	GlobalSection(NestedProjects) = preSolution
		{0541BE82-B74D-F3FC-5D49-CDC838BFB160} = {1AE8ACA6-933B-BF2A-3671-3E2EAC007D16}
		{6589BF77-4BC0-600D-BA7D-D9C6606D5F48} = {0541BE82-B74D-F3FC-5D49-CDC838BFB160}
		{08186E26-FEE4-2735-6FD7-A659AF59065C} = {1AE8ACA6-933B-BF2A-3671-3E2EAC007D16}
		{9F113D08-3AF7-87F3-1554-DC39375AD0EE} = {08186E26-FEE4-2735-6FD7-A659AF59065C}
		{50DE71FC-9805-F0B7-A2CE-E6A8F94672E7} = {1AE8ACA6-933B-BF2A-3671-3E2EAC007D16}
		{C85E14B4-C585-D720-3236-422E290D7B4D} = {50DE71FC-9805-F0B7-A2CE-E6A8F94672E7}
		{0271A0F5-7737-DD4C-E063-B63FCC678237} = {1AE8ACA6-933B-BF2A-3671-3E2EAC007D16}
		{920FC533-D2AB-09B5-0E96-E6551749ECF1} = {0271A0F5-7737-DD4C-E063-B63FCC678237}
		{974750DD-B36E-F12D-89FD-8E1E262A2B75} = {1AE8ACA6-933B-BF2A-3671-3E2EAC007D16}
		{D320C4D0-F65F-DE90-D4D1-36DF89B5161A} = {974750DD-B36E-F12D-89FD-8E1E262A2B75}
		{A5966375-CC56-8B3D-13F1-5643F1CCC045} = {1AE8ACA6-933B-BF2A-3671-3E2EAC007D16}
		{69A0E14A-57E0-D362-5EA7-786B8B14CBF8} = {A5966375-CC56-8B3D-13F1-5643F1CCC045}
		{E8076132-D174-7AA4-193F-24A743984C28} = {1AE8ACA6-933B-BF2A-3671-3E2EAC007D16}
		{F03AFAC1-9EAF-DB17-F8D3-A6BF145C6072} = {E8076132-D174-7AA4-193F-24A743984C28}
	EndGlobalSection
	GlobalSection(ExtensibilityGlobals) = postSolution
		SolutionGuid = {72A2BF5B-8AAA-4A6E-A1B7-9584FEAD55E4}
	EndGlobalSection
EndGlobal
