Microsoft Visual Studio Solution File, Format Version 12.00
# Visual Studio Version 17
VisualStudioVersion = 17.5.2.0
MinimumVisualStudioVersion = 10.0.40219.1
Project("{2150E333-8FDC-42A3-9474-1A3956D46DE8}") = "cuidador-service", "cuidador-service", "{64D05ED9-B888-72A8-9DBB-3E776FE11CBA}"
EndProject
Project("{FAE04EC0-301F-11D3-BF4B-00C04F79EFBC}") = "PetCare.Cuidador", "cuidador-service\PetCare.Cuidador\PetCare.Cuidador.csproj", "{5F73D3CD-7C7D-5CC7-B5B1-0068389ABD2F}"
EndProject
Global
	GlobalSection(SolutionConfigurationPlatforms) = preSolution
		Debug|Any CPU = Debug|Any CPU
		Release|Any CPU = Release|Any CPU
	EndGlobalSection
	GlobalSection(ProjectConfigurationPlatforms) = postSolution
		{5F73D3CD-7C7D-5CC7-B5B1-0068389ABD2F}.Debug|Any CPU.ActiveCfg = Debug|Any CPU
		{5F73D3CD-7C7D-5CC7-B5B1-0068389ABD2F}.Debug|Any CPU.Build.0 = Debug|Any CPU
		{5F73D3CD-7C7D-5CC7-B5B1-0068389ABD2F}.Release|Any CPU.ActiveCfg = Release|Any CPU
		{5F73D3CD-7C7D-5CC7-B5B1-0068389ABD2F}.Release|Any CPU.Build.0 = Release|Any CPU
	EndGlobalSection
	GlobalSection(SolutionProperties) = preSolution
		HideSolutionNode = FALSE
	EndGlobalSection
	GlobalSection(NestedProjects) = preSolution
		{5F73D3CD-7C7D-5CC7-B5B1-0068389ABD2F} = {64D05ED9-B888-72A8-9DBB-3E776FE11CBA}
	EndGlobalSection
	GlobalSection(ExtensibilityGlobals) = postSolution
		SolutionGuid = {822E4776-2595-42F4-A2D1-39521F5A2A00}
	EndGlobalSection
EndGlobal
